// !$*UTF8*$!
{
	archiveVersion = 1;
	classes = {
	};
	objectVersion = 55;
	objects = {

/* Begin PBXBuildFile section */
		DD28461727B2ACF0001C883F /* Main.storyboard in Resources */ = {isa = PBXBuildFile; fileRef = DD28461527B2ACF0001C883F /* Main.storyboard */; };
		DD28461C27B2ACF4001C883F /* Assets.xcassets in Resources */ = {isa = PBXBuildFile; fileRef = DD28461B27B2ACF4001C883F /* Assets.xcassets */; };
		DD28461F27B2ACF4001C883F /* LaunchScreen.storyboard in Resources */ = {isa = PBXBuildFile; fileRef = DD28461D27B2ACF4001C883F /* LaunchScreen.storyboard */; };
		DD28462B27B2AD6C001C883F /* CoreDataStack.swift in Sources */ = {isa = PBXBuildFile; fileRef = DD28462A27B2AD6C001C883F /* CoreDataStack.swift */; };
		DD28462D27B2AD7A001C883F /* CoreData.swift in Sources */ = {isa = PBXBuildFile; fileRef = DD28462C27B2AD7A001C883F /* CoreData.swift */; };
		DD28463027B2AD8A001C883F /* Model.xcdatamodeld in Sources */ = {isa = PBXBuildFile; fileRef = DD28462E27B2AD8A001C883F /* Model.xcdatamodeld */; };
		DD28465527B2AED8001C883F /* AppData+CoreDataClass.swift in Sources */ = {isa = PBXBuildFile; fileRef = DD28464F27B2AED8001C883F /* AppData+CoreDataClass.swift */; };
		DD28465627B2AED8001C883F /* AppData+CoreDataProperties.swift in Sources */ = {isa = PBXBuildFile; fileRef = DD28465027B2AED8001C883F /* AppData+CoreDataProperties.swift */; };
		DD28465727B2AED8001C883F /* Item+CoreDataClass.swift in Sources */ = {isa = PBXBuildFile; fileRef = DD28465127B2AED8001C883F /* Item+CoreDataClass.swift */; };
		DD28465827B2AED8001C883F /* Item+CoreDataProperties.swift in Sources */ = {isa = PBXBuildFile; fileRef = DD28465227B2AED8001C883F /* Item+CoreDataProperties.swift */; };
		DD28465D27B2AF19001C883F /* ShoppingList+CoreDataClass.swift in Sources */ = {isa = PBXBuildFile; fileRef = DD28465B27B2AF19001C883F /* ShoppingList+CoreDataClass.swift */; };
		DD28465E27B2AF19001C883F /* ShoppingList+CoreDataProperties.swift in Sources */ = {isa = PBXBuildFile; fileRef = DD28465C27B2AF19001C883F /* ShoppingList+CoreDataProperties.swift */; };
		DDEBB40727B5B756004D80BB /* TableCellStructs.swift in Sources */ = {isa = PBXBuildFile; fileRef = DDEBB40627B5B756004D80BB /* TableCellStructs.swift */; };
		DDEBB40A27B5B788004D80BB /* ShppinglistCell.swift in Sources */ = {isa = PBXBuildFile; fileRef = DDEBB40927B5B788004D80BB /* ShppinglistCell.swift */; };
		DDEBB40C27B5B7D8004D80BB /* ListView.swift in Sources */ = {isa = PBXBuildFile; fileRef = DDEBB40B27B5B7D8004D80BB /* ListView.swift */; };
		DDEBB40E27B5BB9F004D80BB /* Util.swift in Sources */ = {isa = PBXBuildFile; fileRef = DDEBB40D27B5BB9F004D80BB /* Util.swift */; };
		DDEBB41027B5C246004D80BB /* ItemView.swift in Sources */ = {isa = PBXBuildFile; fileRef = DDEBB40F27B5C246004D80BB /* ItemView.swift */; };
		DDEBB41227B5C40B004D80BB /* ItemsCell.swift in Sources */ = {isa = PBXBuildFile; fileRef = DDEBB41127B5C40B004D80BB /* ItemsCell.swift */; };
		DDEE287527B66AA600AC142F /* NewItemView.swift in Sources */ = {isa = PBXBuildFile; fileRef = DDEE287427B66AA600AC142F /* NewItemView.swift */; };
		DDEE287727B68C0700AC142F /* ScannerView.swift in Sources */ = {isa = PBXBuildFile; fileRef = DDEE287627B68C0600AC142F /* ScannerView.swift */; };
		DDEE287927B6B17600AC142F /* DeleteCell.swift in Sources */ = {isa = PBXBuildFile; fileRef = DDEE287827B6B17600AC142F /* DeleteCell.swift */; };
		F1678A192979BAE600F676A4 /* ListDetailView.swift in Sources */ = {isa = PBXBuildFile; fileRef = F1678A182979BAE600F676A4 /* ListDetailView.swift */; };
		F1B2732829B6046400E841F4 /* VGapp.swift in Sources */ = {isa = PBXBuildFile; fileRef = F1B2732729B6046400E841F4 /* VGapp.swift */; };
		F1B2732B29B6071500E841F4 /* ScannerScreen.swift in Sources */ = {isa = PBXBuildFile; fileRef = F1B2732A29B6071500E841F4 /* ScannerScreen.swift */; };
		F1B2732D29B60B1600E841F4 /* ListViewmodel.swift in Sources */ = {isa = PBXBuildFile; fileRef = F1B2732C29B60B1600E841F4 /* ListViewmodel.swift */; };
/* End PBXBuildFile section */

/* Begin PBXFileReference section */
		DD28460C27B2ACF0001C883F /* VGApp.app */ = {isa = PBXFileReference; explicitFileType = wrapper.application; includeInIndex = 0; path = VGApp.app; sourceTree = BUILT_PRODUCTS_DIR; };
		DD28461627B2ACF0001C883F /* Base */ = {isa = PBXFileReference; lastKnownFileType = file.storyboard; name = Base; path = Base.lproj/Main.storyboard; sourceTree = "<group>"; };
		DD28461B27B2ACF4001C883F /* Assets.xcassets */ = {isa = PBXFileReference; lastKnownFileType = folder.assetcatalog; path = Assets.xcassets; sourceTree = "<group>"; };
		DD28461E27B2ACF4001C883F /* Base */ = {isa = PBXFileReference; lastKnownFileType = file.storyboard; name = Base; path = Base.lproj/LaunchScreen.storyboard; sourceTree = "<group>"; };
		DD28462027B2ACF4001C883F /* Info.plist */ = {isa = PBXFileReference; lastKnownFileType = text.plist.xml; path = Info.plist; sourceTree = "<group>"; };
		DD28462A27B2AD6C001C883F /* CoreDataStack.swift */ = {isa = PBXFileReference; lastKnownFileType = sourcecode.swift; path = CoreDataStack.swift; sourceTree = "<group>"; };
		DD28462C27B2AD7A001C883F /* CoreData.swift */ = {isa = PBXFileReference; lastKnownFileType = sourcecode.swift; path = CoreData.swift; sourceTree = "<group>"; };
		DD28462F27B2AD8A001C883F /* Model.xcdatamodel */ = {isa = PBXFileReference; lastKnownFileType = wrapper.xcdatamodel; path = Model.xcdatamodel; sourceTree = "<group>"; };
		DD28464F27B2AED8001C883F /* AppData+CoreDataClass.swift */ = {isa = PBXFileReference; lastKnownFileType = sourcecode.swift; path = "AppData+CoreDataClass.swift"; sourceTree = SOURCE_ROOT; };
		DD28465027B2AED8001C883F /* AppData+CoreDataProperties.swift */ = {isa = PBXFileReference; lastKnownFileType = sourcecode.swift; path = "AppData+CoreDataProperties.swift"; sourceTree = SOURCE_ROOT; };
		DD28465127B2AED8001C883F /* Item+CoreDataClass.swift */ = {isa = PBXFileReference; lastKnownFileType = sourcecode.swift; path = "Item+CoreDataClass.swift"; sourceTree = SOURCE_ROOT; };
		DD28465227B2AED8001C883F /* Item+CoreDataProperties.swift */ = {isa = PBXFileReference; lastKnownFileType = sourcecode.swift; path = "Item+CoreDataProperties.swift"; sourceTree = SOURCE_ROOT; };
		DD28465B27B2AF19001C883F /* ShoppingList+CoreDataClass.swift */ = {isa = PBXFileReference; lastKnownFileType = sourcecode.swift; path = "ShoppingList+CoreDataClass.swift"; sourceTree = SOURCE_ROOT; };
		DD28465C27B2AF19001C883F /* ShoppingList+CoreDataProperties.swift */ = {isa = PBXFileReference; lastKnownFileType = sourcecode.swift; path = "ShoppingList+CoreDataProperties.swift"; sourceTree = SOURCE_ROOT; };
		DD28466227B2AF80001C883F /* VGApp.entitlements */ = {isa = PBXFileReference; lastKnownFileType = text.plist.entitlements; path = VGApp.entitlements; sourceTree = "<group>"; };
		DDEBB40627B5B756004D80BB /* TableCellStructs.swift */ = {isa = PBXFileReference; lastKnownFileType = sourcecode.swift; name = TableCellStructs.swift; path = VGApp/TableCells/TableCellStructs.swift; sourceTree = SOURCE_ROOT; };
		DDEBB40927B5B788004D80BB /* ShppinglistCell.swift */ = {isa = PBXFileReference; lastKnownFileType = sourcecode.swift; path = ShppinglistCell.swift; sourceTree = "<group>"; };
		DDEBB40B27B5B7D8004D80BB /* ListView.swift */ = {isa = PBXFileReference; lastKnownFileType = sourcecode.swift; path = ListView.swift; sourceTree = "<group>"; };
		DDEBB40D27B5BB9F004D80BB /* Util.swift */ = {isa = PBXFileReference; lastKnownFileType = sourcecode.swift; path = Util.swift; sourceTree = "<group>"; };
		DDEBB40F27B5C246004D80BB /* ItemView.swift */ = {isa = PBXFileReference; lastKnownFileType = sourcecode.swift; path = ItemView.swift; sourceTree = "<group>"; };
		DDEBB41127B5C40B004D80BB /* ItemsCell.swift */ = {isa = PBXFileReference; lastKnownFileType = sourcecode.swift; path = ItemsCell.swift; sourceTree = "<group>"; };
		DDEE287427B66AA600AC142F /* NewItemView.swift */ = {isa = PBXFileReference; lastKnownFileType = sourcecode.swift; path = NewItemView.swift; sourceTree = "<group>"; };
		DDEE287627B68C0600AC142F /* ScannerView.swift */ = {isa = PBXFileReference; lastKnownFileType = sourcecode.swift; path = ScannerView.swift; sourceTree = "<group>"; };
		DDEE287827B6B17600AC142F /* DeleteCell.swift */ = {isa = PBXFileReference; lastKnownFileType = sourcecode.swift; path = DeleteCell.swift; sourceTree = "<group>"; };
		F1678A182979BAE600F676A4 /* ListDetailView.swift */ = {isa = PBXFileReference; lastKnownFileType = sourcecode.swift; path = ListDetailView.swift; sourceTree = "<group>"; };
		F1B2732729B6046400E841F4 /* VGapp.swift */ = {isa = PBXFileReference; lastKnownFileType = sourcecode.swift; path = VGapp.swift; sourceTree = "<group>"; };
		F1B2732A29B6071500E841F4 /* ScannerScreen.swift */ = {isa = PBXFileReference; lastKnownFileType = sourcecode.swift; path = ScannerScreen.swift; sourceTree = "<group>"; };
		F1B2732C29B60B1600E841F4 /* ListViewmodel.swift */ = {isa = PBXFileReference; lastKnownFileType = sourcecode.swift; path = ListViewmodel.swift; sourceTree = "<group>"; };
/* End PBXFileReference section */

/* Begin PBXFrameworksBuildPhase section */
		DD28460927B2ACF0001C883F /* Frameworks */ = {
			isa = PBXFrameworksBuildPhase;
			buildActionMask = 2147483647;
			files = (
			);
			runOnlyForDeploymentPostprocessing = 0;
		};
/* End PBXFrameworksBuildPhase section */

/* Begin PBXGroup section */
		DD28460327B2ACF0001C883F = {
			isa = PBXGroup;
			children = (
				DD28460E27B2ACF0001C883F /* VGApp */,
				DD28460D27B2ACF0001C883F /* Products */,
			);
			sourceTree = "<group>";
		};
		DD28460D27B2ACF0001C883F /* Products */ = {
			isa = PBXGroup;
			children = (
				DD28460C27B2ACF0001C883F /* VGApp.app */,
			);
			name = Products;
			sourceTree = "<group>";
		};
		DD28460E27B2ACF0001C883F /* VGApp */ = {
			isa = PBXGroup;
			children = (
				F1B2732729B6046400E841F4 /* VGapp.swift */,
				DD28466227B2AF80001C883F /* VGApp.entitlements */,
				DD28462927B2AD4D001C883F /* Util */,
				DDEBB40827B5B75C004D80BB /* TableCells */,
				DDEBB40527B5B3FF004D80BB /* Tabs */,
				DD28461527B2ACF0001C883F /* Main.storyboard */,
				DD28461B27B2ACF4001C883F /* Assets.xcassets */,
				DD28461D27B2ACF4001C883F /* LaunchScreen.storyboard */,
				DD28462027B2ACF4001C883F /* Info.plist */,
			);
			path = VGApp;
			sourceTree = "<group>";
		};
		DD28462827B2AD35001C883F /* CoreData */ = {
			isa = PBXGroup;
			children = (
				DD28465B27B2AF19001C883F /* ShoppingList+CoreDataClass.swift */,
				DD28465C27B2AF19001C883F /* ShoppingList+CoreDataProperties.swift */,
				DD28464F27B2AED8001C883F /* AppData+CoreDataClass.swift */,
				DD28465027B2AED8001C883F /* AppData+CoreDataProperties.swift */,
				DD28465127B2AED8001C883F /* Item+CoreDataClass.swift */,
				DD28465227B2AED8001C883F /* Item+CoreDataProperties.swift */,
				DD28462A27B2AD6C001C883F /* CoreDataStack.swift */,
				DD28462E27B2AD8A001C883F /* Model.xcdatamodeld */,
				DD28462C27B2AD7A001C883F /* CoreData.swift */,
			);
			path = CoreData;
			sourceTree = "<group>";
		};
		DD28462927B2AD4D001C883F /* Util */ = {
			isa = PBXGroup;
			children = (
				DD28462827B2AD35001C883F /* CoreData */,
				DDEBB40D27B5BB9F004D80BB /* Util.swift */,
			);
			path = Util;
			sourceTree = "<group>";
		};
		DDEBB40527B5B3FF004D80BB /* Tabs */ = {
			isa = PBXGroup;
			children = (
				F1B2732E29B60B1B00E841F4 /* ListTable */,
				F1B2732929B6070900E841F4 /* Scanner */,
				F1B2732F29B6135C00E841F4 /* ListDeatil */,
				DDEBB40F27B5C246004D80BB /* ItemView.swift */,
				DDEE287427B66AA600AC142F /* NewItemView.swift */,
			);
			path = Tabs;
			sourceTree = "<group>";
		};
		DDEBB40827B5B75C004D80BB /* TableCells */ = {
			isa = PBXGroup;
			children = (
				DDEBB40627B5B756004D80BB /* TableCellStructs.swift */,
				DDEBB40927B5B788004D80BB /* ShppinglistCell.swift */,
				DDEBB41127B5C40B004D80BB /* ItemsCell.swift */,
				DDEE287827B6B17600AC142F /* DeleteCell.swift */,
			);
			path = TableCells;
			sourceTree = "<group>";
		};
		F1B2732929B6070900E841F4 /* Scanner */ = {
			isa = PBXGroup;
			children = (
				DDEE287627B68C0600AC142F /* ScannerView.swift */,
				F1B2732A29B6071500E841F4 /* ScannerScreen.swift */,
			);
			path = Scanner;
			sourceTree = "<group>";
		};
		F1B2732E29B60B1B00E841F4 /* ListTable */ = {
			isa = PBXGroup;
			children = (
				DDEBB40B27B5B7D8004D80BB /* ListView.swift */,
				F1B2732C29B60B1600E841F4 /* ListViewmodel.swift */,
			);
			path = ListTable;
			sourceTree = "<group>";
		};
		F1B2732F29B6135C00E841F4 /* ListDeatil */ = {
			isa = PBXGroup;
			children = (
				F1678A182979BAE600F676A4 /* ListDetailView.swift */,
			);
			path = ListDeatil;
			sourceTree = "<group>";
		};
/* End PBXGroup section */

/* Begin PBXNativeTarget section */
		DD28460B27B2ACF0001C883F /* VGApp */ = {
			isa = PBXNativeTarget;
			buildConfigurationList = DD28462327B2ACF4001C883F /* Build configuration list for PBXNativeTarget "VGApp" */;
			buildPhases = (
				DD28460827B2ACF0001C883F /* Sources */,
				DD28460927B2ACF0001C883F /* Frameworks */,
				DD28460A27B2ACF0001C883F /* Resources */,
			);
			buildRules = (
			);
			dependencies = (
			);
			name = VGApp;
			productName = VGApp;
			productReference = DD28460C27B2ACF0001C883F /* VGApp.app */;
			productType = "com.apple.product-type.application";
		};
/* End PBXNativeTarget section */

/* Begin PBXProject section */
		DD28460427B2ACF0001C883F /* Project object */ = {
			isa = PBXProject;
			attributes = {
				BuildIndependentTargetsInParallel = 1;
				LastSwiftUpdateCheck = 1320;
				LastUpgradeCheck = 1320;
				TargetAttributes = {
					DD28460B27B2ACF0001C883F = {
						CreatedOnToolsVersion = 13.2.1;
					};
				};
			};
			buildConfigurationList = DD28460727B2ACF0001C883F /* Build configuration list for PBXProject "VGApp" */;
			compatibilityVersion = "Xcode 13.0";
			developmentRegion = en;
			hasScannedForEncodings = 0;
			knownRegions = (
				en,
				Base,
			);
			mainGroup = DD28460327B2ACF0001C883F;
			productRefGroup = DD28460D27B2ACF0001C883F /* Products */;
			projectDirPath = "";
			projectRoot = "";
			targets = (
				DD28460B27B2ACF0001C883F /* VGApp */,
			);
		};
/* End PBXProject section */

/* Begin PBXResourcesBuildPhase section */
		DD28460A27B2ACF0001C883F /* Resources */ = {
			isa = PBXResourcesBuildPhase;
			buildActionMask = 2147483647;
			files = (
				DD28461F27B2ACF4001C883F /* LaunchScreen.storyboard in Resources */,
				DD28461C27B2ACF4001C883F /* Assets.xcassets in Resources */,
				DD28461727B2ACF0001C883F /* Main.storyboard in Resources */,
			);
			runOnlyForDeploymentPostprocessing = 0;
		};
/* End PBXResourcesBuildPhase section */

/* Begin PBXSourcesBuildPhase section */
		DD28460827B2ACF0001C883F /* Sources */ = {
			isa = PBXSourcesBuildPhase;
			buildActionMask = 2147483647;
			files = (
				DDEBB40C27B5B7D8004D80BB /* ListView.swift in Sources */,
				DD28465527B2AED8001C883F /* AppData+CoreDataClass.swift in Sources */,
				F1B2732D29B60B1600E841F4 /* ListViewmodel.swift in Sources */,
				DD28465D27B2AF19001C883F /* ShoppingList+CoreDataClass.swift in Sources */,
				DDEE287527B66AA600AC142F /* NewItemView.swift in Sources */,
				DDEBB40E27B5BB9F004D80BB /* Util.swift in Sources */,
				F1678A192979BAE600F676A4 /* ListDetailView.swift in Sources */,
				DD28462B27B2AD6C001C883F /* CoreDataStack.swift in Sources */,
				DD28465627B2AED8001C883F /* AppData+CoreDataProperties.swift in Sources */,
				DD28465727B2AED8001C883F /* Item+CoreDataClass.swift in Sources */,
				DD28465827B2AED8001C883F /* Item+CoreDataProperties.swift in Sources */,
				F1B2732B29B6071500E841F4 /* ScannerScreen.swift in Sources */,
				DDEE287727B68C0700AC142F /* ScannerView.swift in Sources */,
				DDEBB41227B5C40B004D80BB /* ItemsCell.swift in Sources */,
				DD28465E27B2AF19001C883F /* ShoppingList+CoreDataProperties.swift in Sources */,
				F1B2732829B6046400E841F4 /* VGapp.swift in Sources */,
				DDEBB40A27B5B788004D80BB /* ShppinglistCell.swift in Sources */,
				DDEE287927B6B17600AC142F /* DeleteCell.swift in Sources */,
				DD28462D27B2AD7A001C883F /* CoreData.swift in Sources */,
				DDEBB41027B5C246004D80BB /* ItemView.swift in Sources */,
				DD28463027B2AD8A001C883F /* Model.xcdatamodeld in Sources */,
				DDEBB40727B5B756004D80BB /* TableCellStructs.swift in Sources */,
			);
			runOnlyForDeploymentPostprocessing = 0;
		};
/* End PBXSourcesBuildPhase section */

/* Begin PBXVariantGroup section */
		DD28461527B2ACF0001C883F /* Main.storyboard */ = {
			isa = PBXVariantGroup;
			children = (
				DD28461627B2ACF0001C883F /* Base */,
			);
			name = Main.storyboard;
			sourceTree = "<group>";
		};
		DD28461D27B2ACF4001C883F /* LaunchScreen.storyboard */ = {
			isa = PBXVariantGroup;
			children = (
				DD28461E27B2ACF4001C883F /* Base */,
			);
			name = LaunchScreen.storyboard;
			sourceTree = "<group>";
		};
/* End PBXVariantGroup section */

/* Begin XCBuildConfiguration section */
		DD28462127B2ACF4001C883F /* Debug */ = {
			isa = XCBuildConfiguration;
			buildSettings = {
				ALWAYS_SEARCH_USER_PATHS = NO;
				CLANG_ANALYZER_NONNULL = YES;
				CLANG_ANALYZER_NUMBER_OBJECT_CONVERSION = YES_AGGRESSIVE;
				CLANG_CXX_LANGUAGE_STANDARD = "gnu++17";
				CLANG_CXX_LIBRARY = "libc++";
				CLANG_ENABLE_MODULES = YES;
				CLANG_ENABLE_OBJC_ARC = YES;
				CLANG_ENABLE_OBJC_WEAK = YES;
				CLANG_WARN_BLOCK_CAPTURE_AUTORELEASING = YES;
				CLANG_WARN_BOOL_CONVERSION = YES;
				CLANG_WARN_COMMA = YES;
				CLANG_WARN_CONSTANT_CONVERSION = YES;
				CLANG_WARN_DEPRECATED_OBJC_IMPLEMENTATIONS = YES;
				CLANG_WARN_DIRECT_OBJC_ISA_USAGE = YES_ERROR;
				CLANG_WARN_DOCUMENTATION_COMMENTS = YES;
				CLANG_WARN_EMPTY_BODY = YES;
				CLANG_WARN_ENUM_CONVERSION = YES;
				CLANG_WARN_INFINITE_RECURSION = YES;
				CLANG_WARN_INT_CONVERSION = YES;
				CLANG_WARN_NON_LITERAL_NULL_CONVERSION = YES;
				CLANG_WARN_OBJC_IMPLICIT_RETAIN_SELF = YES;
				CLANG_WARN_OBJC_LITERAL_CONVERSION = YES;
				CLANG_WARN_OBJC_ROOT_CLASS = YES_ERROR;
				CLANG_WARN_QUOTED_INCLUDE_IN_FRAMEWORK_HEADER = YES;
				CLANG_WARN_RANGE_LOOP_ANALYSIS = YES;
				CLANG_WARN_STRICT_PROTOTYPES = YES;
				CLANG_WARN_SUSPICIOUS_MOVE = YES;
				CLANG_WARN_UNGUARDED_AVAILABILITY = YES_AGGRESSIVE;
				CLANG_WARN_UNREACHABLE_CODE = YES;
				CLANG_WARN__DUPLICATE_METHOD_MATCH = YES;
				COPY_PHASE_STRIP = NO;
				DEBUG_INFORMATION_FORMAT = dwarf;
				ENABLE_STRICT_OBJC_MSGSEND = YES;
				ENABLE_TESTABILITY = YES;
				GCC_C_LANGUAGE_STANDARD = gnu11;
				GCC_DYNAMIC_NO_PIC = NO;
				GCC_NO_COMMON_BLOCKS = YES;
				GCC_OPTIMIZATION_LEVEL = 0;
				GCC_PREPROCESSOR_DEFINITIONS = (
					"DEBUG=1",
					"$(inherited)",
				);
				GCC_WARN_64_TO_32_BIT_CONVERSION = YES;
				GCC_WARN_ABOUT_RETURN_TYPE = YES_ERROR;
				GCC_WARN_UNDECLARED_SELECTOR = YES;
				GCC_WARN_UNINITIALIZED_AUTOS = YES_AGGRESSIVE;
				GCC_WARN_UNUSED_FUNCTION = YES;
				GCC_WARN_UNUSED_VARIABLE = YES;
				IPHONEOS_DEPLOYMENT_TARGET = 14.0;
				MTL_ENABLE_DEBUG_INFO = INCLUDE_SOURCE;
				MTL_FAST_MATH = YES;
				ONLY_ACTIVE_ARCH = YES;
				SDKROOT = iphoneos;
				SWIFT_ACTIVE_COMPILATION_CONDITIONS = DEBUG;
				SWIFT_OPTIMIZATION_LEVEL = "-Onone";
			};
			name = Debug;
		};
		DD28462227B2ACF4001C883F /* Release */ = {
			isa = XCBuildConfiguration;
			buildSettings = {
				ALWAYS_SEARCH_USER_PATHS = NO;
				CLANG_ANALYZER_NONNULL = YES;
				CLANG_ANALYZER_NUMBER_OBJECT_CONVERSION = YES_AGGRESSIVE;
				CLANG_CXX_LANGUAGE_STANDARD = "gnu++17";
				CLANG_CXX_LIBRARY = "libc++";
				CLANG_ENABLE_MODULES = YES;
				CLANG_ENABLE_OBJC_ARC = YES;
				CLANG_ENABLE_OBJC_WEAK = YES;
				CLANG_WARN_BLOCK_CAPTURE_AUTORELEASING = YES;
				CLANG_WARN_BOOL_CONVERSION = YES;
				CLANG_WARN_COMMA = YES;
				CLANG_WARN_CONSTANT_CONVERSION = YES;
				CLANG_WARN_DEPRECATED_OBJC_IMPLEMENTATIONS = YES;
				CLANG_WARN_DIRECT_OBJC_ISA_USAGE = YES_ERROR;
				CLANG_WARN_DOCUMENTATION_COMMENTS = YES;
				CLANG_WARN_EMPTY_BODY = YES;
				CLANG_WARN_ENUM_CONVERSION = YES;
				CLANG_WARN_INFINITE_RECURSION = YES;
				CLANG_WARN_INT_CONVERSION = YES;
				CLANG_WARN_NON_LITERAL_NULL_CONVERSION = YES;
				CLANG_WARN_OBJC_IMPLICIT_RETAIN_SELF = YES;
				CLANG_WARN_OBJC_LITERAL_CONVERSION = YES;
				CLANG_WARN_OBJC_ROOT_CLASS = YES_ERROR;
				CLANG_WARN_QUOTED_INCLUDE_IN_FRAMEWORK_HEADER = YES;
				CLANG_WARN_RANGE_LOOP_ANALYSIS = YES;
				CLANG_WARN_STRICT_PROTOTYPES = YES;
				CLANG_WARN_SUSPICIOUS_MOVE = YES;
				CLANG_WARN_UNGUARDED_AVAILABILITY = YES_AGGRESSIVE;
				CLANG_WARN_UNREACHABLE_CODE = YES;
				CLANG_WARN__DUPLICATE_METHOD_MATCH = YES;
				COPY_PHASE_STRIP = NO;
				DEBUG_INFORMATION_FORMAT = "dwarf-with-dsym";
				ENABLE_NS_ASSERTIONS = NO;
				ENABLE_STRICT_OBJC_MSGSEND = YES;
				GCC_C_LANGUAGE_STANDARD = gnu11;
				GCC_NO_COMMON_BLOCKS = YES;
				GCC_WARN_64_TO_32_BIT_CONVERSION = YES;
				GCC_WARN_ABOUT_RETURN_TYPE = YES_ERROR;
				GCC_WARN_UNDECLARED_SELECTOR = YES;
				GCC_WARN_UNINITIALIZED_AUTOS = YES_AGGRESSIVE;
				GCC_WARN_UNUSED_FUNCTION = YES;
				GCC_WARN_UNUSED_VARIABLE = YES;
				IPHONEOS_DEPLOYMENT_TARGET = 14.0;
				MTL_ENABLE_DEBUG_INFO = NO;
				MTL_FAST_MATH = YES;
				SDKROOT = iphoneos;
				SWIFT_COMPILATION_MODE = wholemodule;
				SWIFT_OPTIMIZATION_LEVEL = "-O";
				VALIDATE_PRODUCT = YES;
			};
			name = Release;
		};
		DD28462427B2ACF4001C883F /* Debug */ = {
			isa = XCBuildConfiguration;
			buildSettings = {
				ASSETCATALOG_COMPILER_APPICON_NAME = AppIcon;
				ASSETCATALOG_COMPILER_GLOBAL_ACCENT_COLOR_NAME = AccentColor;
				CODE_SIGN_ENTITLEMENTS = VGApp/VGApp.entitlements;
				CODE_SIGN_STYLE = Automatic;
				CURRENT_PROJECT_VERSION = 1;
				DEVELOPMENT_TEAM = 93TVBDWQK4;
				GENERATE_INFOPLIST_FILE = YES;
				INFOPLIST_FILE = VGApp/Info.plist;
				INFOPLIST_KEY_NSCameraUsageDescription = "Scan Barcodes";
				INFOPLIST_KEY_UIApplicationSupportsIndirectInputEvents = YES;
				INFOPLIST_KEY_UILaunchStoryboardName = LaunchScreen;
				INFOPLIST_KEY_UIMainStoryboardFile = Main;
				INFOPLIST_KEY_UISupportedInterfaceOrientations = UIInterfaceOrientationPortrait;
				INFOPLIST_KEY_UISupportedInterfaceOrientations_iPad = "UIInterfaceOrientationLandscapeLeft UIInterfaceOrientationLandscapeRight UIInterfaceOrientationPortrait UIInterfaceOrientationPortraitUpsideDown";
				IPHONEOS_DEPLOYMENT_TARGET = 14.0;
				LD_RUNPATH_SEARCH_PATHS = (
					"$(inherited)",
					"@executable_path/Frameworks",
				);
				MARKETING_VERSION = 1.1.0;
				PRODUCT_BUNDLE_IDENTIFIER = AKORA.VGApp;
				PRODUCT_NAME = "$(TARGET_NAME)";
				SWIFT_EMIT_LOC_STRINGS = YES;
				SWIFT_VERSION = 5.0;
				TARGETED_DEVICE_FAMILY = 1;
			};
			name = Debug;
		};
		DD28462527B2ACF4001C883F /* Release */ = {
			isa = XCBuildConfiguration;
			buildSettings = {
				ASSETCATALOG_COMPILER_APPICON_NAME = AppIcon;
				ASSETCATALOG_COMPILER_GLOBAL_ACCENT_COLOR_NAME = AccentColor;
				CODE_SIGN_ENTITLEMENTS = VGApp/VGApp.entitlements;
				CODE_SIGN_STYLE = Automatic;
				CURRENT_PROJECT_VERSION = 1;
				DEVELOPMENT_TEAM = 93TVBDWQK4;
				GENERATE_INFOPLIST_FILE = YES;
				INFOPLIST_FILE = VGApp/Info.plist;
				INFOPLIST_KEY_NSCameraUsageDescription = "Scan Barcodes";
				INFOPLIST_KEY_UIApplicationSupportsIndirectInputEvents = YES;
				INFOPLIST_KEY_UILaunchStoryboardName = LaunchScreen;
				INFOPLIST_KEY_UIMainStoryboardFile = Main;
				INFOPLIST_KEY_UISupportedInterfaceOrientations = UIInterfaceOrientationPortrait;
				INFOPLIST_KEY_UISupportedInterfaceOrientations_iPad = "UIInterfaceOrientationLandscapeLeft UIInterfaceOrientationLandscapeRight UIInterfaceOrientationPortrait UIInterfaceOrientationPortraitUpsideDown";
				IPHONEOS_DEPLOYMENT_TARGET = 14.0;
				LD_RUNPATH_SEARCH_PATHS = (
					"$(inherited)",
					"@executable_path/Frameworks",
				);
				MARKETING_VERSION = 1.1.0;
				PRODUCT_BUNDLE_IDENTIFIER = AKORA.VGApp;
				PRODUCT_NAME = "$(TARGET_NAME)";
				SWIFT_EMIT_LOC_STRINGS = YES;
				SWIFT_VERSION = 5.0;
				TARGETED_DEVICE_FAMILY = 1;
			};
			name = Release;
		};
/* End XCBuildConfiguration section */

/* Begin XCConfigurationList section */
		DD28460727B2ACF0001C883F /* Build configuration list for PBXProject "VGApp" */ = {
			isa = XCConfigurationList;
			buildConfigurations = (
				DD28462127B2ACF4001C883F /* Debug */,
				DD28462227B2ACF4001C883F /* Release */,
			);
			defaultConfigurationIsVisible = 0;
			defaultConfigurationName = Release;
		};
		DD28462327B2ACF4001C883F /* Build configuration list for PBXNativeTarget "VGApp" */ = {
			isa = XCConfigurationList;
			buildConfigurations = (
				DD28462427B2ACF4001C883F /* Debug */,
				DD28462527B2ACF4001C883F /* Release */,
			);
			defaultConfigurationIsVisible = 0;
			defaultConfigurationName = Release;
		};
/* End XCConfigurationList section */

/* Begin XCVersionGroup section */
		DD28462E27B2AD8A001C883F /* Model.xcdatamodeld */ = {
			isa = XCVersionGroup;
			children = (
				DD28462F27B2AD8A001C883F /* Model.xcdatamodel */,
			);
			currentVersion = DD28462F27B2AD8A001C883F /* Model.xcdatamodel */;
			path = Model.xcdatamodeld;
			sourceTree = "<group>";
			versionGroupType = wrapper.xcdatamodel;
		};
/* End XCVersionGroup section */
	};
	rootObject = DD28460427B2ACF0001C883F /* Project object */;
}
